// !$*UTF8*$!
{
	archiveVersion = 1;
	classes = {
	};
	objectVersion = 46;
	objects = {

/* Begin PBXFileReference section */
		AD18C5351BD24AEF00C66E99 /* Mail Signature.mailbundle */ = {isa = PBXFileReference; explicitFileType = wrapper.cfbundle; includeInIndex = 0; path = "Mail Signature.mailbundle"; sourceTree = BUILT_PRODUCTS_DIR; };
		AD18C5391BD24AEF00C66E99 /* Info.plist */ = {isa = PBXFileReference; lastKnownFileType = text.plist.xml; path = Info.plist; sourceTree = "<group>"; };
/* End PBXFileReference section */

/* Begin PBXFrameworksBuildPhase section */
		AD18C5321BD24AEF00C66E99 /* Frameworks */ = {
			isa = PBXFrameworksBuildPhase;
			buildActionMask = 2147483647;
			files = (
			);
			runOnlyForDeploymentPostprocessing = 0;
		};
/* End PBXFrameworksBuildPhase section */

/* Begin PBXGroup section */
		AD18C52C1BD24AEF00C66E99 = {
			isa = PBXGroup;
			children = (
				AD18C5371BD24AEF00C66E99 /* Mail Signature */,
				AD18C5361BD24AEF00C66E99 /* Products */,
			);
			sourceTree = "<group>";
		};
		AD18C5361BD24AEF00C66E99 /* Products */ = {
			isa = PBXGroup;
			children = (
				AD18C5351BD24AEF00C66E99 /* Mail Signature.mailbundle */,
			);
			name = Products;
			sourceTree = "<group>";
		};
		AD18C5371BD24AEF00C66E99 /* Mail Signature */ = {
			isa = PBXGroup;
			children = (
				AD18C5381BD24AEF00C66E99 /* Supporting Files */,
			);
			path = "Mail Signature";
			sourceTree = "<group>";
		};
		AD18C5381BD24AEF00C66E99 /* Supporting Files */ = {
			isa = PBXGroup;
			children = (
				AD18C5391BD24AEF00C66E99 /* Info.plist */,
			);
			name = "Supporting Files";
			sourceTree = "<group>";
		};
/* End PBXGroup section */

/* Begin PBXNativeTarget section */
		AD18C5341BD24AEF00C66E99 /* Mail Signature */ = {
			isa = PBXNativeTarget;
			buildConfigurationList = AD18C53C1BD24AEF00C66E99 /* Build configuration list for PBXNativeTarget "Mail Signature" */;
			buildPhases = (
				AD18C5311BD24AEF00C66E99 /* Sources */,
				AD18C5321BD24AEF00C66E99 /* Frameworks */,
				AD18C5331BD24AEF00C66E99 /* Resources */,
			);
			buildRules = (
			);
			dependencies = (
			);
			name = "Mail Signature";
			productName = "Mail Signature";
			productReference = AD18C5351BD24AEF00C66E99 /* Mail Signature.mailbundle */;
			productType = "com.apple.product-type.bundle";
		};
/* End PBXNativeTarget section */

/* Begin PBXProject section */
		AD18C52D1BD24AEF00C66E99 /* Project object */ = {
			isa = PBXProject;
			attributes = {
				LastUpgradeCheck = 0620;
				ORGANIZATIONNAME = "Daniël W. Crompton";
				TargetAttributes = {
					AD18C5341BD24AEF00C66E99 = {
						CreatedOnToolsVersion = 6.2;
					};
				};
			};
			buildConfigurationList = AD18C5301BD24AEF00C66E99 /* Build configuration list for PBXProject "Mail Signature" */;
			compatibilityVersion = "Xcode 3.2";
			developmentRegion = English;
			hasScannedForEncodings = 0;
			knownRegions = (
				en,
			);
			mainGroup = AD18C52C1BD24AEF00C66E99;
			productRefGroup = AD18C5361BD24AEF00C66E99 /* Products */;
			projectDirPath = "";
			projectRoot = "";
			targets = (
				AD18C5341BD24AEF00C66E99 /* Mail Signature */,
			);
		};
/* End PBXProject section */

/* Begin PBXResourcesBuildPhase section */
		AD18C5331BD24AEF00C66E99 /* Resources */ = {
			isa = PBXResourcesBuildPhase;
			buildActionMask = 2147483647;
			files = (
			);
			runOnlyForDeploymentPostprocessing = 0;
		};
/* End PBXResourcesBuildPhase section */

/* Begin PBXSourcesBuildPhase section */
		AD18C5311BD24AEF00C66E99 /* Sources */ = {
			isa = PBXSourcesBuildPhase;
			buildActionMask = 2147483647;
			files = (
			);
			runOnlyForDeploymentPostprocessing = 0;
		};
/* End PBXSourcesBuildPhase section */

/* Begin XCBuildConfiguration section */
		AD18C53A1BD24AEF00C66E99 /* Debug */ = {
			isa = XCBuildConfiguration;
			buildSettings = {
				ALWAYS_SEARCH_USER_PATHS = NO;
				CLANG_CXX_LANGUAGE_STANDARD = "gnu++0x";
				CLANG_CXX_LIBRARY = "libc++";
				CLANG_ENABLE_MODULES = YES;
				CLANG_ENABLE_OBJC_ARC = YES;
				CLANG_WARN_BOOL_CONVERSION = YES;
				CLANG_WARN_CONSTANT_CONVERSION = YES;
				CLANG_WARN_DIRECT_OBJC_ISA_USAGE = YES_ERROR;
				CLANG_WARN_EMPTY_BODY = YES;
				CLANG_WARN_ENUM_CONVERSION = YES;
				CLANG_WARN_INT_CONVERSION = YES;
				CLANG_WARN_OBJC_ROOT_CLASS = YES_ERROR;
				CLANG_WARN_UNREACHABLE_CODE = YES;
				CLANG_WARN__DUPLICATE_METHOD_MATCH = YES;
				COPY_PHASE_STRIP = NO;
				ENABLE_STRICT_OBJC_MSGSEND = YES;
				GCC_C_LANGUAGE_STANDARD = gnu99;
				GCC_DYNAMIC_NO_PIC = NO;
				GCC_OPTIMIZATION_LEVEL = 0;
				GCC_PREPROCESSOR_DEFINITIONS = (
					"DEBUG=1",
					"$(inherited)",
				);
				GCC_SYMBOLS_PRIVATE_EXTERN = NO;
				GCC_WARN_64_TO_32_BIT_CONVERSION = YES;
				GCC_WARN_ABOUT_RETURN_TYPE = YES_ERROR;
				GCC_WARN_UNDECLARED_SELECTOR = YES;
				GCC_WARN_UNINITIALIZED_AUTOS = YES_AGGRESSIVE;
				GCC_WARN_UNUSED_FUNCTION = YES;
				GCC_WARN_UNUSED_VARIABLE = YES;
				MACOSX_DEPLOYMENT_TARGET = 10.9;
				MTL_ENABLE_DEBUG_INFO = YES;
				ONLY_ACTIVE_ARCH = YES;
				SDKROOT = macosx;
			};
			name = Debug;
		};
		AD18C53B1BD24AEF00C66E99 /* Release */ = {
			isa = XCBuildConfiguration;
			buildSettings = {
				ALWAYS_SEARCH_USER_PATHS = NO;
				CLANG_CXX_LANGUAGE_STANDARD = "gnu++0x";
				CLANG_CXX_LIBRARY = "libc++";
				CLANG_ENABLE_MODULES = YES;
				CLANG_ENABLE_OBJC_ARC = YES;
				CLANG_WARN_BOOL_CONVERSION = YES;
				CLANG_WARN_CONSTANT_CONVERSION = YES;
				CLANG_WARN_DIRECT_OBJC_ISA_USAGE = YES_ERROR;
				CLANG_WARN_EMPTY_BODY = YES;
				CLANG_WARN_ENUM_CONVERSION = YES;
				CLANG_WARN_INT_CONVERSION = YES;
				CLANG_WARN_OBJC_ROOT_CLASS = YES_ERROR;
				CLANG_WARN_UNREACHABLE_CODE = YES;
				CLANG_WARN__DUPLICATE_METHOD_MATCH = YES;
				COPY_PHASE_STRIP = NO;
				DEBUG_INFORMATION_FORMAT = "dwarf-with-dsym";
				ENABLE_NS_ASSERTIONS = NO;
				ENABLE_STRICT_OBJC_MSGSEND = YES;
				GCC_C_LANGUAGE_STANDARD = gnu99;
				GCC_WARN_64_TO_32_BIT_CONVERSION = YES;
				GCC_WARN_ABOUT_RETURN_TYPE = YES_ERROR;
				GCC_WARN_UNDECLARED_SELECTOR = YES;
				GCC_WARN_UNINITIALIZED_AUTOS = YES_AGGRESSIVE;
				GCC_WARN_UNUSED_FUNCTION = YES;
				GCC_WARN_UNUSED_VARIABLE = YES;
				MACOSX_DEPLOYMENT_TARGET = 10.9;
				MTL_ENABLE_DEBUG_INFO = NO;
				SDKROOT = macosx;
			};
			name = Release;
		};
		AD18C53D1BD24AEF00C66E99 /* Debug */ = {
			isa = XCBuildConfiguration;
			buildSettings = {
				COMBINE_HIDPI_IMAGES = YES;
				INFOPLIST_FILE = "Mail Signature/Info.plist";
				INSTALL_PATH = "$(LOCAL_LIBRARY_DIR)/Bundles";
				PRODUCT_NAME = "$(TARGET_NAME)";
				SKIP_INSTALL = YES;
				WRAPPER_EXTENSION = mailbundle;
			};
			name = Debug;
		};
		AD18C53E1BD24AEF00C66E99 /* Release */ = {
			isa = XCBuildConfiguration;
			buildSettings = {
				COMBINE_HIDPI_IMAGES = YES;
				INFOPLIST_FILE = "Mail Signature/Info.plist";
				INSTALL_PATH = "$(LOCAL_LIBRARY_DIR)/Bundles";
				PRODUCT_NAME = "$(TARGET_NAME)";
				SKIP_INSTALL = YES;
				WRAPPER_EXTENSION = mailbundle;
			};
			name = Release;
		};
/* End XCBuildConfiguration section */

/* Begin XCConfigurationList section */
		AD18C5301BD24AEF00C66E99 /* Build configuration list for PBXProject "Mail Signature" */ = {
			isa = XCConfigurationList;
			buildConfigurations = (
				AD18C53A1BD24AEF00C66E99 /* Debug */,
				AD18C53B1BD24AEF00C66E99 /* Release */,
			);
			defaultConfigurationIsVisible = 0;
			defaultConfigurationName = Release;
		};
		AD18C53C1BD24AEF00C66E99 /* Build configuration list for PBXNativeTarget "Mail Signature" */ = {
			isa = XCConfigurationList;
			buildConfigurations = (
				AD18C53D1BD24AEF00C66E99 /* Debug */,
				AD18C53E1BD24AEF00C66E99 /* Release */,
			);
			defaultConfigurationIsVisible = 0;
		};
/* End XCConfigurationList section */
	};
	rootObject = AD18C52D1BD24AEF00C66E99 /* Project object */;
}
